
Microsoft Visual Studio Solution File, Format Version 12.00
# Visual Studio Version 17
VisualStudioVersion = 17.11.35222.181
MinimumVisualStudioVersion = 10.0.40219.1
Project("{2150E333-8FDC-42A3-9474-1A3956D46DE8}") = "src", "src", "{9C99F16E-4E53-435B-94F5-2936D1010F2D}"
EndProject
Project("{9A19103F-16F7-4668-BE54-9A1E7A4F7556}") = "Payhas.Adaptive.Avalonia", "src\Payhas.Adaptive.Avalonia\Payhas.Adaptive.Avalonia.csproj", "{B0F5B6C8-BA93-4D52-821C-60A67BA223A5}"
EndProject
Project("{9A19103F-16F7-4668-BE54-9A1E7A4F7556}") = "Payhas.Adaptive", "src\Payhas.Adaptive\Payhas.Adaptive.csproj", "{78745CED-3D54-46C7-B30E-7F64492040AC}"
EndProject
Project("{2150E333-8FDC-42A3-9474-1A3956D46DE8}") = "_Solution Items", "_Solution Items", "{888524BB-FB6C-4B91-A62F-811ED353E9AC}"
	ProjectSection(SolutionItems) = preProject
		.gitignore = .gitignore
		Directory.Build.props = Directory.Build.props
		LICENSE = LICENSE
		README.md = README.md
	EndProjectSection
EndProject
Project("{2150E333-8FDC-42A3-9474-1A3956D46DE8}") = "samples", "samples", "{6B6F738B-1AE4-4FB9-BEED-5BA0A4EF6EBB}"
EndProject
Project("{2150E333-8FDC-42A3-9474-1A3956D46DE8}") = "avalonia", "avalonia", "{328FA153-5E42-4CC4-BC3E-7043A33B859C}"
EndProject
Project("{FAE04EC0-301F-11D3-BF4B-00C04F79EFBC}") = "Payhas.Adaptive.Avalonia.Sample", "samples\avalonia\Payhas.Adaptive.Avalonia.Sample\Payhas.Adaptive.Avalonia.Sample.csproj", "{B8FB99B7-971E-4146-8860-247F347E37DA}"
EndProject
Project("{FAE04EC0-301F-11D3-BF4B-00C04F79EFBC}") = "Payhas.Adaptive.Avalonia.Sample.Android", "samples\avalonia\Payhas.Adaptive.Avalonia.Sample.Android\Payhas.Adaptive.Avalonia.Sample.Android.csproj", "{79ACF9FC-A741-4EDE-9BAF-47E6589DEEC0}"
EndProject
Project("{FAE04EC0-301F-11D3-BF4B-00C04F79EFBC}") = "Payhas.Adaptive.Avalonia.Sample.Desktop", "samples\avalonia\Payhas.Adaptive.Avalonia.Sample.Desktop\Payhas.Adaptive.Avalonia.Sample.Desktop.csproj", "{9F4FEEEC-E767-411B-A28B-D9606E3C9A15}"
EndProject
Project("{FAE04EC0-301F-11D3-BF4B-00C04F79EFBC}") = "Payhas.Adaptive.Avalonia.Sample.iOS", "samples\avalonia\Payhas.Adaptive.Avalonia.Sample.iOS\Payhas.Adaptive.Avalonia.Sample.iOS.csproj", "{A24672CF-9623-4172-8416-3710AA6AD983}"
EndProject
Project("{FAE04EC0-301F-11D3-BF4B-00C04F79EFBC}") = "Payhas.Adaptive.Avalonia.Sample.Browser", "samples\avalonia\Payhas.Adaptive.Avalonia.Sample.Browser\Payhas.Adaptive.Avalonia.Sample.Browser.csproj", "{0B067498-1E42-4251-B508-8DF01E3420A2}"
EndProject
Global
	GlobalSection(SolutionConfigurationPlatforms) = preSolution
		Debug|Any CPU = Debug|Any CPU
		Release|Any CPU = Release|Any CPU
	EndGlobalSection
	GlobalSection(ProjectConfigurationPlatforms) = postSolution
		{B0F5B6C8-BA93-4D52-821C-60A67BA223A5}.Debug|Any CPU.ActiveCfg = Debug|Any CPU
		{B0F5B6C8-BA93-4D52-821C-60A67BA223A5}.Debug|Any CPU.Build.0 = Debug|Any CPU
		{B0F5B6C8-BA93-4D52-821C-60A67BA223A5}.Release|Any CPU.ActiveCfg = Release|Any CPU
		{B0F5B6C8-BA93-4D52-821C-60A67BA223A5}.Release|Any CPU.Build.0 = Release|Any CPU
		{78745CED-3D54-46C7-B30E-7F64492040AC}.Debug|Any CPU.ActiveCfg = Debug|Any CPU
		{78745CED-3D54-46C7-B30E-7F64492040AC}.Debug|Any CPU.Build.0 = Debug|Any CPU
		{78745CED-3D54-46C7-B30E-7F64492040AC}.Release|Any CPU.ActiveCfg = Release|Any CPU
		{78745CED-3D54-46C7-B30E-7F64492040AC}.Release|Any CPU.Build.0 = Release|Any CPU
		{B8FB99B7-971E-4146-8860-247F347E37DA}.Debug|Any CPU.ActiveCfg = Debug|Any CPU
		{B8FB99B7-971E-4146-8860-247F347E37DA}.Debug|Any CPU.Build.0 = Debug|Any CPU
		{B8FB99B7-971E-4146-8860-247F347E37DA}.Release|Any CPU.ActiveCfg = Release|Any CPU
		{B8FB99B7-971E-4146-8860-247F347E37DA}.Release|Any CPU.Build.0 = Release|Any CPU
		{79ACF9FC-A741-4EDE-9BAF-47E6589DEEC0}.Debug|Any CPU.ActiveCfg = Debug|Any CPU
		{79ACF9FC-A741-4EDE-9BAF-47E6589DEEC0}.Debug|Any CPU.Build.0 = Debug|Any CPU
		{79ACF9FC-A741-4EDE-9BAF-47E6589DEEC0}.Debug|Any CPU.Deploy.0 = Debug|Any CPU
		{79ACF9FC-A741-4EDE-9BAF-47E6589DEEC0}.Release|Any CPU.ActiveCfg = Release|Any CPU
		{79ACF9FC-A741-4EDE-9BAF-47E6589DEEC0}.Release|Any CPU.Build.0 = Release|Any CPU
		{79ACF9FC-A741-4EDE-9BAF-47E6589DEEC0}.Release|Any CPU.Deploy.0 = Release|Any CPU
		{9F4FEEEC-E767-411B-A28B-D9606E3C9A15}.Debug|Any CPU.ActiveCfg = Debug|Any CPU
		{9F4FEEEC-E767-411B-A28B-D9606E3C9A15}.Debug|Any CPU.Build.0 = Debug|Any CPU
		{9F4FEEEC-E767-411B-A28B-D9606E3C9A15}.Release|Any CPU.ActiveCfg = Release|Any CPU
		{9F4FEEEC-E767-411B-A28B-D9606E3C9A15}.Release|Any CPU.Build.0 = Release|Any CPU
		{A24672CF-9623-4172-8416-3710AA6AD983}.Debug|Any CPU.ActiveCfg = Debug|Any CPU
		{A24672CF-9623-4172-8416-3710AA6AD983}.Debug|Any CPU.Build.0 = Debug|Any CPU
		{A24672CF-9623-4172-8416-3710AA6AD983}.Debug|Any CPU.Deploy.0 = Debug|Any CPU
		{A24672CF-9623-4172-8416-3710AA6AD983}.Release|Any CPU.ActiveCfg = Release|Any CPU
		{A24672CF-9623-4172-8416-3710AA6AD983}.Release|Any CPU.Build.0 = Release|Any CPU
		{A24672CF-9623-4172-8416-3710AA6AD983}.Release|Any CPU.Deploy.0 = Release|Any CPU
		{0B067498-1E42-4251-B508-8DF01E3420A2}.Debug|Any CPU.ActiveCfg = Debug|Any CPU
		{0B067498-1E42-4251-B508-8DF01E3420A2}.Debug|Any CPU.Build.0 = Debug|Any CPU
		{0B067498-1E42-4251-B508-8DF01E3420A2}.Release|Any CPU.ActiveCfg = Release|Any CPU
		{0B067498-1E42-4251-B508-8DF01E3420A2}.Release|Any CPU.Build.0 = Release|Any CPU
	EndGlobalSection
	GlobalSection(SolutionProperties) = preSolution
		HideSolutionNode = FALSE
	EndGlobalSection
	GlobalSection(NestedProjects) = preSolution
		{B0F5B6C8-BA93-4D52-821C-60A67BA223A5} = {9C99F16E-4E53-435B-94F5-2936D1010F2D}
		{78745CED-3D54-46C7-B30E-7F64492040AC} = {9C99F16E-4E53-435B-94F5-2936D1010F2D}
		{328FA153-5E42-4CC4-BC3E-7043A33B859C} = {6B6F738B-1AE4-4FB9-BEED-5BA0A4EF6EBB}
		{B8FB99B7-971E-4146-8860-247F347E37DA} = {328FA153-5E42-4CC4-BC3E-7043A33B859C}
		{79ACF9FC-A741-4EDE-9BAF-47E6589DEEC0} = {328FA153-5E42-4CC4-BC3E-7043A33B859C}
		{9F4FEEEC-E767-411B-A28B-D9606E3C9A15} = {328FA153-5E42-4CC4-BC3E-7043A33B859C}
		{A24672CF-9623-4172-8416-3710AA6AD983} = {328FA153-5E42-4CC4-BC3E-7043A33B859C}
		{0B067498-1E42-4251-B508-8DF01E3420A2} = {328FA153-5E42-4CC4-BC3E-7043A33B859C}
	EndGlobalSection
	GlobalSection(ExtensibilityGlobals) = postSolution
		SolutionGuid = {817E1B50-6FC1-4BA4-ABBF-7415029072D4}
	EndGlobalSection
EndGlobal
